
Microsoft Visual Studio Solution File, Format Version 12.00
# Visual Studio Version 16
VisualStudioVersion = 16.0.30611.23
MinimumVisualStudioVersion = 10.0.40219.1
Project("{9A19103F-16F7-4668-BE54-9A1E7A4F7556}") = "Jiringi", "Jiringi\Jiringi.csproj", "{13224AA0-1CA2-447D-8FF1-758AD358621D}"
EndProject
Project("{9A19103F-16F7-4668-BE54-9A1E7A4F7556}") = "Chista-Core", "..\Chista\DotNet\Chista-Core\Chista-Core.csproj", "{0CD8E37E-EA00-426F-921D-A95843D45899}"
EndProject
Global
	GlobalSection(SolutionConfigurationPlatforms) = preSolution
		Debug|Any CPU = Debug|Any CPU
		Release|Any CPU = Release|Any CPU
	EndGlobalSection
	GlobalSection(ProjectConfigurationPlatforms) = postSolution
		{13224AA0-1CA2-447D-8FF1-758AD358621D}.Debug|Any CPU.ActiveCfg = Debug|Any CPU
		{13224AA0-1CA2-447D-8FF1-758AD358621D}.Debug|Any CPU.Build.0 = Debug|Any CPU
		{13224AA0-1CA2-447D-8FF1-758AD358621D}.Release|Any CPU.ActiveCfg = Release|Any CPU
		{13224AA0-1CA2-447D-8FF1-758AD358621D}.Release|Any CPU.Build.0 = Release|Any CPU
		{0CD8E37E-EA00-426F-921D-A95843D45899}.Debug|Any CPU.ActiveCfg = Debug|Any CPU
		{0CD8E37E-EA00-426F-921D-A95843D45899}.Debug|Any CPU.Build.0 = Debug|Any CPU
		{0CD8E37E-EA00-426F-921D-A95843D45899}.Release|Any CPU.ActiveCfg = Release|Any CPU
		{0CD8E37E-EA00-426F-921D-A95843D45899}.Release|Any CPU.Build.0 = Release|Any CPU
	EndGlobalSection
	GlobalSection(SolutionProperties) = preSolution
		HideSolutionNode = FALSE
	EndGlobalSection
	GlobalSection(ExtensibilityGlobals) = postSolution
		SolutionGuid = {0D79DE55-10E8-4ED6-B207-0108E64A0FB5}
	EndGlobalSection
EndGlobal
